
Microsoft Visual Studio Solution File, Format Version 12.00
# Visual Studio Version 17
VisualStudioVersion = 17.4.33122.133
MinimumVisualStudioVersion = 10.0.40219.1
Project("{FAE04EC0-301F-11D3-BF4B-00C04F79EFBC}") = "ExceptionHandling", "ExceptionHandling.csproj", "{86EBB547-7D7A-4401-8363-5A19FCF4C559}"
EndProject
Global
	GlobalSection(SolutionConfigurationPlatforms) = preSolution
		Debug|Any CPU = Debug|Any CPU
		Release|Any CPU = Release|Any CPU
	EndGlobalSection
	GlobalSection(ProjectConfigurationPlatforms) = postSolution
		{86EBB547-7D7A-4401-8363-5A19FCF4C559}.Debug|Any CPU.ActiveCfg = Debug|Any CPU
		{86EBB547-7D7A-4401-8363-5A19FCF4C559}.Debug|Any CPU.Build.0 = Debug|Any CPU
		{86EBB547-7D7A-4401-8363-5A19FCF4C559}.Release|Any CPU.ActiveCfg = Release|Any CPU
		{86EBB547-7D7A-4401-8363-5A19FCF4C559}.Release|Any CPU.Build.0 = Release|Any CPU
	EndGlobalSection
	GlobalSection(SolutionProperties) = preSolution
		HideSolutionNode = FALSE
	EndGlobalSection
	GlobalSection(ExtensibilityGlobals) = postSolution
		SolutionGuid = {C187DFC6-0CC9-4065-BE09-D7594F2CB575}
	EndGlobalSection
EndGlobal
